// !$*UTF8*$!
{
	archiveVersion = 1;
	classes = {
	};
	objectVersion = 46;
	objects = {

/* Begin PBXBuildFile section */
		49509FDD1E18772B00D69999 /* AppDelegate.swift in Sources */ = {isa = PBXBuildFile; fileRef = 49509FDC1E18772B00D69999 /* AppDelegate.swift */; };
		49509FDF1E18772B00D69999 /* ViewController.swift in Sources */ = {isa = PBXBuildFile; fileRef = 49509FDE1E18772B00D69999 /* ViewController.swift */; };
		49509FE21E18772B00D69999 /* Main.storyboard in Resources */ = {isa = PBXBuildFile; fileRef = 49509FE01E18772B00D69999 /* Main.storyboard */; };
		49509FE41E18772B00D69999 /* Assets.xcassets in Resources */ = {isa = PBXBuildFile; fileRef = 49509FE31E18772B00D69999 /* Assets.xcassets */; };
		49509FE71E18772B00D69999 /* LaunchScreen.storyboard in Resources */ = {isa = PBXBuildFile; fileRef = 49509FE51E18772B00D69999 /* LaunchScreen.storyboard */; };
		49509FF11E188F8E00D69999 /* GameBox.swift in Sources */ = {isa = PBXBuildFile; fileRef = 49509FF01E188F8E00D69999 /* GameBox.swift */; };
		49509FF31E188FB300D69999 /* GameBoxPoint.swift in Sources */ = {isa = PBXBuildFile; fileRef = 49509FF21E188FB300D69999 /* GameBoxPoint.swift */; };
		49509FF61E18972F00D69999 /* UIImageEXT.swift in Sources */ = {isa = PBXBuildFile; fileRef = 49509FF51E18972F00D69999 /* UIImageEXT.swift */; };
		49509FF81E189BCE00D69999 /* UIViewEXT.swift in Sources */ = {isa = PBXBuildFile; fileRef = 49509FF71E189BCE00D69999 /* UIViewEXT.swift */; };
		49509FFE1E189F9600D69999 /* ArrayEXT.swift in Sources */ = {isa = PBXBuildFile; fileRef = 49509FFD1E189F9600D69999 /* ArrayEXT.swift */; };
		4950A0001E18B6E300D69999 /* GameBoxImageView.swift in Sources */ = {isa = PBXBuildFile; fileRef = 49509FFF1E18B6E300D69999 /* GameBoxImageView.swift */; };
		4950A0041E19223B00D69999 /* CustomStringConvertibleEXT.swift in Sources */ = {isa = PBXBuildFile; fileRef = 4950A0031E19223B00D69999 /* CustomStringConvertibleEXT.swift */; };
/* End PBXBuildFile section */

/* Begin PBXFileReference section */
		49509FD91E18772B00D69999 /* Parzlet.app */ = {isa = PBXFileReference; explicitFileType = wrapper.application; includeInIndex = 0; path = Parzlet.app; sourceTree = BUILT_PRODUCTS_DIR; };
		49509FDC1E18772B00D69999 /* AppDelegate.swift */ = {isa = PBXFileReference; lastKnownFileType = sourcecode.swift; path = AppDelegate.swift; sourceTree = "<group>"; };
		49509FDE1E18772B00D69999 /* ViewController.swift */ = {isa = PBXFileReference; lastKnownFileType = sourcecode.swift; path = ViewController.swift; sourceTree = "<group>"; };
		49509FE11E18772B00D69999 /* Base */ = {isa = PBXFileReference; lastKnownFileType = file.storyboard; name = Base; path = Base.lproj/Main.storyboard; sourceTree = "<group>"; };
		49509FE31E18772B00D69999 /* Assets.xcassets */ = {isa = PBXFileReference; lastKnownFileType = folder.assetcatalog; path = Assets.xcassets; sourceTree = "<group>"; };
		49509FE61E18772B00D69999 /* Base */ = {isa = PBXFileReference; lastKnownFileType = file.storyboard; name = Base; path = Base.lproj/LaunchScreen.storyboard; sourceTree = "<group>"; };
		49509FE81E18772B00D69999 /* Info.plist */ = {isa = PBXFileReference; lastKnownFileType = text.plist.xml; path = Info.plist; sourceTree = "<group>"; };
		49509FF01E188F8E00D69999 /* GameBox.swift */ = {isa = PBXFileReference; fileEncoding = 4; lastKnownFileType = sourcecode.swift; path = GameBox.swift; sourceTree = "<group>"; };
		49509FF21E188FB300D69999 /* GameBoxPoint.swift */ = {isa = PBXFileReference; fileEncoding = 4; lastKnownFileType = sourcecode.swift; path = GameBoxPoint.swift; sourceTree = "<group>"; };
		49509FF51E18972F00D69999 /* UIImageEXT.swift */ = {isa = PBXFileReference; fileEncoding = 4; lastKnownFileType = sourcecode.swift; path = UIImageEXT.swift; sourceTree = "<group>"; };
		49509FF71E189BCE00D69999 /* UIViewEXT.swift */ = {isa = PBXFileReference; fileEncoding = 4; lastKnownFileType = sourcecode.swift; path = UIViewEXT.swift; sourceTree = "<group>"; };
		49509FFD1E189F9600D69999 /* ArrayEXT.swift */ = {isa = PBXFileReference; fileEncoding = 4; lastKnownFileType = sourcecode.swift; path = ArrayEXT.swift; sourceTree = "<group>"; };
		49509FFF1E18B6E300D69999 /* GameBoxImageView.swift */ = {isa = PBXFileReference; fileEncoding = 4; lastKnownFileType = sourcecode.swift; path = GameBoxImageView.swift; sourceTree = "<group>"; };
		4950A0031E19223B00D69999 /* CustomStringConvertibleEXT.swift */ = {isa = PBXFileReference; fileEncoding = 4; lastKnownFileType = sourcecode.swift; path = CustomStringConvertibleEXT.swift; sourceTree = "<group>"; };
/* End PBXFileReference section */

/* Begin PBXFrameworksBuildPhase section */
		49509FD61E18772B00D69999 /* Frameworks */ = {
			isa = PBXFrameworksBuildPhase;
			buildActionMask = 2147483647;
			files = (
			);
			runOnlyForDeploymentPostprocessing = 0;
		};
/* End PBXFrameworksBuildPhase section */

/* Begin PBXGroup section */
		49509FD01E18772B00D69999 = {
			isa = PBXGroup;
			children = (
				49509FDB1E18772B00D69999 /* Parzlet */,
				49509FDA1E18772B00D69999 /* Products */,
			);
			sourceTree = "<group>";
		};
		49509FDA1E18772B00D69999 /* Products */ = {
			isa = PBXGroup;
			children = (
				49509FD91E18772B00D69999 /* Parzlet.app */,
			);
			name = Products;
			sourceTree = "<group>";
		};
		49509FDB1E18772B00D69999 /* Parzlet */ = {
			isa = PBXGroup;
			children = (
				49509FF41E18971000D69999 /* Extensions */,
				49509FDC1E18772B00D69999 /* AppDelegate.swift */,
				49509FDE1E18772B00D69999 /* ViewController.swift */,
				49509FE01E18772B00D69999 /* Main.storyboard */,
				49509FE31E18772B00D69999 /* Assets.xcassets */,
				49509FE51E18772B00D69999 /* LaunchScreen.storyboard */,
				49509FE81E18772B00D69999 /* Info.plist */,
				49509FF01E188F8E00D69999 /* GameBox.swift */,
				49509FF21E188FB300D69999 /* GameBoxPoint.swift */,
				49509FFF1E18B6E300D69999 /* GameBoxImageView.swift */,
			);
			path = Parzlet;
			sourceTree = "<group>";
		};
		49509FF41E18971000D69999 /* Extensions */ = {
			isa = PBXGroup;
			children = (
				49509FF51E18972F00D69999 /* UIImageEXT.swift */,
				49509FF71E189BCE00D69999 /* UIViewEXT.swift */,
				49509FFD1E189F9600D69999 /* ArrayEXT.swift */,
				4950A0031E19223B00D69999 /* CustomStringConvertibleEXT.swift */,
			);
			path = Extensions;
			sourceTree = "<group>";
		};
/* End PBXGroup section */

/* Begin PBXNativeTarget section */
		49509FD81E18772B00D69999 /* Parzlet */ = {
			isa = PBXNativeTarget;
			buildConfigurationList = 49509FEB1E18772B00D69999 /* Build configuration list for PBXNativeTarget "Parzlet" */;
			buildPhases = (
				49509FD51E18772B00D69999 /* Sources */,
				49509FD61E18772B00D69999 /* Frameworks */,
				49509FD71E18772B00D69999 /* Resources */,
			);
			buildRules = (
			);
			dependencies = (
			);
			name = Parzlet;
			productName = Parzlet;
			productReference = 49509FD91E18772B00D69999 /* Parzlet.app */;
			productType = "com.apple.product-type.application";
		};
/* End PBXNativeTarget section */

/* Begin PBXProject section */
		49509FD11E18772B00D69999 /* Project object */ = {
			isa = PBXProject;
			attributes = {
				LastSwiftUpdateCheck = 0810;
				LastUpgradeCheck = 0810;
				ORGANIZATIONNAME = Parzlet;
				TargetAttributes = {
					49509FD81E18772B00D69999 = {
						CreatedOnToolsVersion = 8.1;
						DevelopmentTeam = RX9GZP767B;
						ProvisioningStyle = Automatic;
					};
				};
			};
			buildConfigurationList = 49509FD41E18772B00D69999 /* Build configuration list for PBXProject "Parzlet" */;
			compatibilityVersion = "Xcode 3.2";
			developmentRegion = English;
			hasScannedForEncodings = 0;
			knownRegions = (
				en,
				Base,
			);
			mainGroup = 49509FD01E18772B00D69999;
			productRefGroup = 49509FDA1E18772B00D69999 /* Products */;
			projectDirPath = "";
			projectRoot = "";
			targets = (
				49509FD81E18772B00D69999 /* Parzlet */,
			);
		};
/* End PBXProject section */

/* Begin PBXResourcesBuildPhase section */
		49509FD71E18772B00D69999 /* Resources */ = {
			isa = PBXResourcesBuildPhase;
			buildActionMask = 2147483647;
			files = (
				49509FE71E18772B00D69999 /* LaunchScreen.storyboard in Resources */,
				49509FE41E18772B00D69999 /* Assets.xcassets in Resources */,
				49509FE21E18772B00D69999 /* Main.storyboard in Resources */,
			);
			runOnlyForDeploymentPostprocessing = 0;
		};
/* End PBXResourcesBuildPhase section */

/* Begin PBXSourcesBuildPhase section */
		49509FD51E18772B00D69999 /* Sources */ = {
			isa = PBXSourcesBuildPhase;
			buildActionMask = 2147483647;
			files = (
				4950A0041E19223B00D69999 /* CustomStringConvertibleEXT.swift in Sources */,
				49509FFE1E189F9600D69999 /* ArrayEXT.swift in Sources */,
				49509FF81E189BCE00D69999 /* UIViewEXT.swift in Sources */,
				49509FDF1E18772B00D69999 /* ViewController.swift in Sources */,
				49509FF61E18972F00D69999 /* UIImageEXT.swift in Sources */,
				49509FDD1E18772B00D69999 /* AppDelegate.swift in Sources */,
				49509FF31E188FB300D69999 /* GameBoxPoint.swift in Sources */,
				4950A0001E18B6E300D69999 /* GameBoxImageView.swift in Sources */,
				49509FF11E188F8E00D69999 /* GameBox.swift in Sources */,
			);
			runOnlyForDeploymentPostprocessing = 0;
		};
/* End PBXSourcesBuildPhase section */

/* Begin PBXVariantGroup section */
		49509FE01E18772B00D69999 /* Main.storyboard */ = {
			isa = PBXVariantGroup;
			children = (
				49509FE11E18772B00D69999 /* Base */,
			);
			name = Main.storyboard;
			sourceTree = "<group>";
		};
		49509FE51E18772B00D69999 /* LaunchScreen.storyboard */ = {
			isa = PBXVariantGroup;
			children = (
				49509FE61E18772B00D69999 /* Base */,
			);
			name = LaunchScreen.storyboard;
			sourceTree = "<group>";
		};
/* End PBXVariantGroup section */

/* Begin XCBuildConfiguration section */
		49509FE91E18772B00D69999 /* Debug */ = {
			isa = XCBuildConfiguration;
			buildSettings = {
				ALWAYS_SEARCH_USER_PATHS = NO;
				CLANG_ANALYZER_NONNULL = YES;
				CLANG_CXX_LANGUAGE_STANDARD = "gnu++0x";
				CLANG_CXX_LIBRARY = "libc++";
				CLANG_ENABLE_MODULES = YES;
				CLANG_ENABLE_OBJC_ARC = YES;
				CLANG_WARN_BOOL_CONVERSION = YES;
				CLANG_WARN_CONSTANT_CONVERSION = YES;
				CLANG_WARN_DIRECT_OBJC_ISA_USAGE = YES_ERROR;
				CLANG_WARN_DOCUMENTATION_COMMENTS = YES;
				CLANG_WARN_EMPTY_BODY = YES;
				CLANG_WARN_ENUM_CONVERSION = YES;
				CLANG_WARN_INFINITE_RECURSION = YES;
				CLANG_WARN_INT_CONVERSION = YES;
				CLANG_WARN_OBJC_ROOT_CLASS = YES_ERROR;
				CLANG_WARN_SUSPICIOUS_MOVES = YES;
				CLANG_WARN_UNREACHABLE_CODE = YES;
				CLANG_WARN__DUPLICATE_METHOD_MATCH = YES;
				"CODE_SIGN_IDENTITY[sdk=iphoneos*]" = "iPhone Developer";
				COPY_PHASE_STRIP = NO;
				DEBUG_INFORMATION_FORMAT = dwarf;
				ENABLE_STRICT_OBJC_MSGSEND = YES;
				ENABLE_TESTABILITY = YES;
				GCC_C_LANGUAGE_STANDARD = gnu99;
				GCC_DYNAMIC_NO_PIC = NO;
				GCC_NO_COMMON_BLOCKS = YES;
				GCC_OPTIMIZATION_LEVEL = 0;
				GCC_PREPROCESSOR_DEFINITIONS = (
					"DEBUG=1",
					"$(inherited)",
				);
				GCC_WARN_64_TO_32_BIT_CONVERSION = YES;
				GCC_WARN_ABOUT_RETURN_TYPE = YES_ERROR;
				GCC_WARN_UNDECLARED_SELECTOR = YES;
				GCC_WARN_UNINITIALIZED_AUTOS = YES_AGGRESSIVE;
				GCC_WARN_UNUSED_FUNCTION = YES;
				GCC_WARN_UNUSED_VARIABLE = YES;
				IPHONEOS_DEPLOYMENT_TARGET = 10.1;
				MTL_ENABLE_DEBUG_INFO = YES;
				ONLY_ACTIVE_ARCH = YES;
				SDKROOT = iphoneos;
				SWIFT_ACTIVE_COMPILATION_CONDITIONS = DEBUG;
				SWIFT_OPTIMIZATION_LEVEL = "-Onone";
				TARGETED_DEVICE_FAMILY = "1,2";
			};
			name = Debug;
		};
		49509FEA1E18772B00D69999 /* Release */ = {
			isa = XCBuildConfiguration;
			buildSettings = {
				ALWAYS_SEARCH_USER_PATHS = NO;
				CLANG_ANALYZER_NONNULL = YES;
				CLANG_CXX_LANGUAGE_STANDARD = "gnu++0x";
				CLANG_CXX_LIBRARY = "libc++";
				CLANG_ENABLE_MODULES = YES;
				CLANG_ENABLE_OBJC_ARC = YES;
				CLANG_WARN_BOOL_CONVERSION = YES;
				CLANG_WARN_CONSTANT_CONVERSION = YES;
				CLANG_WARN_DIRECT_OBJC_ISA_USAGE = YES_ERROR;
				CLANG_WARN_DOCUMENTATION_COMMENTS = YES;
				CLANG_WARN_EMPTY_BODY = YES;
				CLANG_WARN_ENUM_CONVERSION = YES;
				CLANG_WARN_INFINITE_RECURSION = YES;
				CLANG_WARN_INT_CONVERSION = YES;
				CLANG_WARN_OBJC_ROOT_CLASS = YES_ERROR;
				CLANG_WARN_SUSPICIOUS_MOVES = YES;
				CLANG_WARN_UNREACHABLE_CODE = YES;
				CLANG_WARN__DUPLICATE_METHOD_MATCH = YES;
				"CODE_SIGN_IDENTITY[sdk=iphoneos*]" = "iPhone Developer";
				COPY_PHASE_STRIP = NO;
				DEBUG_INFORMATION_FORMAT = "dwarf-with-dsym";
				ENABLE_NS_ASSERTIONS = NO;
				ENABLE_STRICT_OBJC_MSGSEND = YES;
				GCC_C_LANGUAGE_STANDARD = gnu99;
				GCC_NO_COMMON_BLOCKS = YES;
				GCC_WARN_64_TO_32_BIT_CONVERSION = YES;
				GCC_WARN_ABOUT_RETURN_TYPE = YES_ERROR;
				GCC_WARN_UNDECLARED_SELECTOR = YES;
				GCC_WARN_UNINITIALIZED_AUTOS = YES_AGGRESSIVE;
				GCC_WARN_UNUSED_FUNCTION = YES;
				GCC_WARN_UNUSED_VARIABLE = YES;
				IPHONEOS_DEPLOYMENT_TARGET = 10.1;
				MTL_ENABLE_DEBUG_INFO = NO;
				SDKROOT = iphoneos;
				SWIFT_OPTIMIZATION_LEVEL = "-Owholemodule";
				TARGETED_DEVICE_FAMILY = "1,2";
				VALIDATE_PRODUCT = YES;
			};
			name = Release;
		};
		49509FEC1E18772B00D69999 /* Debug */ = {
			isa = XCBuildConfiguration;
			buildSettings = {
				ASSETCATALOG_COMPILER_APPICON_NAME = AppIcon;
				DEVELOPMENT_TEAM = RX9GZP767B;
				INFOPLIST_FILE = Parzlet/Info.plist;
				LD_RUNPATH_SEARCH_PATHS = "$(inherited) @executable_path/Frameworks";
				PRODUCT_BUNDLE_IDENTIFIER = com.parzlet.Parzlet;
				PRODUCT_NAME = "$(TARGET_NAME)";
				SWIFT_VERSION = 3.0;
			};
			name = Debug;
		};
		49509FED1E18772B00D69999 /* Release */ = {
			isa = XCBuildConfiguration;
			buildSettings = {
				ASSETCATALOG_COMPILER_APPICON_NAME = AppIcon;
				DEVELOPMENT_TEAM = RX9GZP767B;
				INFOPLIST_FILE = Parzlet/Info.plist;
				LD_RUNPATH_SEARCH_PATHS = "$(inherited) @executable_path/Frameworks";
				PRODUCT_BUNDLE_IDENTIFIER = com.parzlet.Parzlet;
				PRODUCT_NAME = "$(TARGET_NAME)";
				SWIFT_VERSION = 3.0;
			};
			name = Release;
		};
/* End XCBuildConfiguration section */

/* Begin XCConfigurationList section */
		49509FD41E18772B00D69999 /* Build configuration list for PBXProject "Parzlet" */ = {
			isa = XCConfigurationList;
			buildConfigurations = (
				49509FE91E18772B00D69999 /* Debug */,
				49509FEA1E18772B00D69999 /* Release */,
			);
			defaultConfigurationIsVisible = 0;
			defaultConfigurationName = Release;
		};
		49509FEB1E18772B00D69999 /* Build configuration list for PBXNativeTarget "Parzlet" */ = {
			isa = XCConfigurationList;
			buildConfigurations = (
				49509FEC1E18772B00D69999 /* Debug */,
				49509FED1E18772B00D69999 /* Release */,
			);
			defaultConfigurationIsVisible = 0;
		};
/* End XCConfigurationList section */
	};
	rootObject = 49509FD11E18772B00D69999 /* Project object */;
}
